
Microsoft Visual Studio Solution File, Format Version 12.00
# Visual Studio Version 17
VisualStudioVersion = 17.11.35327.3
MinimumVisualStudioVersion = 10.0.40219.1
Project("{FAE04EC0-301F-11D3-BF4B-00C04F79EFBC}") = "ConsoleBMI", "ConsoleBMI\ConsoleBMI.csproj", "{7CC39559-8CA4-4CDA-9C5B-17B88E26655E}"
EndProject
Global
	GlobalSection(SolutionConfigurationPlatforms) = preSolution
		Debug|Any CPU = Debug|Any CPU
		Release|Any CPU = Release|Any CPU
	EndGlobalSection
	GlobalSection(ProjectConfigurationPlatforms) = postSolution
		{7CC39559-8CA4-4CDA-9C5B-17B88E26655E}.Debug|Any CPU.ActiveCfg = Debug|Any CPU
		{7CC39559-8CA4-4CDA-9C5B-17B88E26655E}.Debug|Any CPU.Build.0 = Debug|Any CPU
		{7CC39559-8CA4-4CDA-9C5B-17B88E26655E}.Release|Any CPU.ActiveCfg = Release|Any CPU
		{7CC39559-8CA4-4CDA-9C5B-17B88E26655E}.Release|Any CPU.Build.0 = Release|Any CPU
	EndGlobalSection
	GlobalSection(SolutionProperties) = preSolution
		HideSolutionNode = FALSE
	EndGlobalSection
	GlobalSection(ExtensibilityGlobals) = postSolution
		SolutionGuid = {5DDEEDC2-FBFF-4D91-8A03-E75A17516F55}
	EndGlobalSection
EndGlobal
